
Microsoft Visual Studio Solution File, Format Version 12.00
# Visual Studio Version 16
VisualStudioVersion = 16.0.30114.105
MinimumVisualStudioVersion = 10.0.40219.1
Project("{2150E333-8FDC-42A3-9474-1A3956D46DE8}") = "src", "src", "{F7ECA80D-EB24-4E0D-B66A-795A5BCA0E04}"
EndProject
Project("{2150E333-8FDC-42A3-9474-1A3956D46DE8}") = "Core", "Core", "{FFBAB004-BDEA-471B-93C2-417FA06A47A7}"
EndProject
Project("{FAE04EC0-301F-11D3-BF4B-00C04F79EFBC}") = "Karami.Common", "src\Core\Karami.Common\Karami.Common.csproj", "{EB0B52FB-D2B9-435F-877B-35CB78799BB1}"
EndProject
Project("{FAE04EC0-301F-11D3-BF4B-00C04F79EFBC}") = "Karami.Domain", "src\Core\Karami.Domain\Karami.Domain.csproj", "{F9E381D5-9BDD-4925-A19B-C5582F069E0A}"
EndProject
Project("{FAE04EC0-301F-11D3-BF4B-00C04F79EFBC}") = "Karami.UseCase", "src\Core\Karami.UseCase\Karami.UseCase.csproj", "{91E15190-0F29-419B-B0A9-44977CB6C64B}"
EndProject
Project("{2150E333-8FDC-42A3-9474-1A3956D46DE8}") = "Infrastructure", "Infrastructure", "{6D33A846-ECD2-4FE8-BA26-55A3E7CA8A3D}"
EndProject
Project("{FAE04EC0-301F-11D3-BF4B-00C04F79EFBC}") = "Karami.Infrastructure", "src\Infrastructure\Karami.Infrastructure\Karami.Infrastructure.csproj", "{27A9E5D7-3A38-4C24-9750-555D4AAB7334}"
EndProject
Project("{FAE04EC0-301F-11D3-BF4B-00C04F79EFBC}") = "Karami.Persistence", "src\Infrastructure\Karami.Persistence\Karami.Persistence.csproj", "{8D71F079-D77D-485E-81C3-9B99BA623EC3}"
EndProject
Project("{2150E333-8FDC-42A3-9474-1A3956D46DE8}") = "Presentation", "Presentation", "{3DA39AB6-F4AF-4D1F-8A3D-55601B320099}"
EndProject
Project("{FAE04EC0-301F-11D3-BF4B-00C04F79EFBC}") = "Karami.WebAPI", "src\Presentation\Karami.WebAPI\Karami.WebAPI.csproj", "{610B8BC9-2273-444C-AF85-EE4E3D87F38F}"
EndProject
Project("{2150E333-8FDC-42A3-9474-1A3956D46DE8}") = "test", "test", "{8470726E-49D0-4A98-AD05-B2A47D42BD39}"
EndProject
Project("{2150E333-8FDC-42A3-9474-1A3956D46DE8}") = "E2ETests", "E2ETests", "{7F10781A-4FD5-4289-997B-5DE94B15C5D9}"
EndProject
Project("{2150E333-8FDC-42A3-9474-1A3956D46DE8}") = "IntegrationTests", "IntegrationTests", "{EC6591E3-4E49-4C62-B622-1A297CB24AC3}"
EndProject
Project("{FAE04EC0-301F-11D3-BF4B-00C04F79EFBC}") = "Infrastructure", "test\IntegrationTests\Infrastructure\Infrastructure.csproj", "{4FF38592-2F50-4FCA-981C-62E0149F0ADD}"
EndProject
Project("{FAE04EC0-301F-11D3-BF4B-00C04F79EFBC}") = "Presentation", "test\IntegrationTests\Presentation\Presentation.csproj", "{4A830886-7A38-4788-A527-E79A690ACB38}"
EndProject
Project("{2150E333-8FDC-42A3-9474-1A3956D46DE8}") = "UnitTests", "UnitTests", "{434971D8-25CE-4916-8019-BA051F521AD5}"
EndProject
Project("{FAE04EC0-301F-11D3-BF4B-00C04F79EFBC}") = "Core", "test\UnitTests\Core\Core.csproj", "{2F4D63C8-FEBE-40C1-95F0-79EF6E2DA27F}"
EndProject
Project("{FAE04EC0-301F-11D3-BF4B-00C04F79EFBC}") = "Infrastructure", "test\UnitTests\Infrastructure\Infrastructure.csproj", "{02D4E404-84D9-4088-A781-5299051325E2}"
EndProject
Project("{FAE04EC0-301F-11D3-BF4B-00C04F79EFBC}") = "Presentation", "test\UnitTests\Presentation\Presentation.csproj", "{56C9E2F8-7EFC-4585-9D01-ACB69F7DB546}"
EndProject
Project("{FAE04EC0-301F-11D3-BF4B-00C04F79EFBC}") = "Presentation", "test\E2ETests\Presentation\Presentation.csproj", "{72CBE2F3-EE6B-4B3F-B9D2-EF5CAFAC82FF}"
EndProject
Global
	GlobalSection(SolutionConfigurationPlatforms) = preSolution
		Debug|Any CPU = Debug|Any CPU
		Release|Any CPU = Release|Any CPU
	EndGlobalSection
	GlobalSection(SolutionProperties) = preSolution
		HideSolutionNode = FALSE
	EndGlobalSection
	GlobalSection(ProjectConfigurationPlatforms) = postSolution
		{EB0B52FB-D2B9-435F-877B-35CB78799BB1}.Debug|Any CPU.ActiveCfg = Debug|Any CPU
		{EB0B52FB-D2B9-435F-877B-35CB78799BB1}.Debug|Any CPU.Build.0 = Debug|Any CPU
		{EB0B52FB-D2B9-435F-877B-35CB78799BB1}.Release|Any CPU.ActiveCfg = Release|Any CPU
		{EB0B52FB-D2B9-435F-877B-35CB78799BB1}.Release|Any CPU.Build.0 = Release|Any CPU
		{F9E381D5-9BDD-4925-A19B-C5582F069E0A}.Debug|Any CPU.ActiveCfg = Debug|Any CPU
		{F9E381D5-9BDD-4925-A19B-C5582F069E0A}.Debug|Any CPU.Build.0 = Debug|Any CPU
		{F9E381D5-9BDD-4925-A19B-C5582F069E0A}.Release|Any CPU.ActiveCfg = Release|Any CPU
		{F9E381D5-9BDD-4925-A19B-C5582F069E0A}.Release|Any CPU.Build.0 = Release|Any CPU
		{91E15190-0F29-419B-B0A9-44977CB6C64B}.Debug|Any CPU.ActiveCfg = Debug|Any CPU
		{91E15190-0F29-419B-B0A9-44977CB6C64B}.Debug|Any CPU.Build.0 = Debug|Any CPU
		{91E15190-0F29-419B-B0A9-44977CB6C64B}.Release|Any CPU.ActiveCfg = Release|Any CPU
		{91E15190-0F29-419B-B0A9-44977CB6C64B}.Release|Any CPU.Build.0 = Release|Any CPU
		{27A9E5D7-3A38-4C24-9750-555D4AAB7334}.Debug|Any CPU.ActiveCfg = Debug|Any CPU
		{27A9E5D7-3A38-4C24-9750-555D4AAB7334}.Debug|Any CPU.Build.0 = Debug|Any CPU
		{27A9E5D7-3A38-4C24-9750-555D4AAB7334}.Release|Any CPU.ActiveCfg = Release|Any CPU
		{27A9E5D7-3A38-4C24-9750-555D4AAB7334}.Release|Any CPU.Build.0 = Release|Any CPU
		{8D71F079-D77D-485E-81C3-9B99BA623EC3}.Debug|Any CPU.ActiveCfg = Debug|Any CPU
		{8D71F079-D77D-485E-81C3-9B99BA623EC3}.Debug|Any CPU.Build.0 = Debug|Any CPU
		{8D71F079-D77D-485E-81C3-9B99BA623EC3}.Release|Any CPU.ActiveCfg = Release|Any CPU
		{8D71F079-D77D-485E-81C3-9B99BA623EC3}.Release|Any CPU.Build.0 = Release|Any CPU
		{610B8BC9-2273-444C-AF85-EE4E3D87F38F}.Debug|Any CPU.ActiveCfg = Debug|Any CPU
		{610B8BC9-2273-444C-AF85-EE4E3D87F38F}.Debug|Any CPU.Build.0 = Debug|Any CPU
		{610B8BC9-2273-444C-AF85-EE4E3D87F38F}.Release|Any CPU.ActiveCfg = Release|Any CPU
		{610B8BC9-2273-444C-AF85-EE4E3D87F38F}.Release|Any CPU.Build.0 = Release|Any CPU
		{4FF38592-2F50-4FCA-981C-62E0149F0ADD}.Debug|Any CPU.ActiveCfg = Debug|Any CPU
		{4FF38592-2F50-4FCA-981C-62E0149F0ADD}.Debug|Any CPU.Build.0 = Debug|Any CPU
		{4FF38592-2F50-4FCA-981C-62E0149F0ADD}.Release|Any CPU.ActiveCfg = Release|Any CPU
		{4FF38592-2F50-4FCA-981C-62E0149F0ADD}.Release|Any CPU.Build.0 = Release|Any CPU
		{4A830886-7A38-4788-A527-E79A690ACB38}.Debug|Any CPU.ActiveCfg = Debug|Any CPU
		{4A830886-7A38-4788-A527-E79A690ACB38}.Debug|Any CPU.Build.0 = Debug|Any CPU
		{4A830886-7A38-4788-A527-E79A690ACB38}.Release|Any CPU.ActiveCfg = Release|Any CPU
		{4A830886-7A38-4788-A527-E79A690ACB38}.Release|Any CPU.Build.0 = Release|Any CPU
		{2F4D63C8-FEBE-40C1-95F0-79EF6E2DA27F}.Debug|Any CPU.ActiveCfg = Debug|Any CPU
		{2F4D63C8-FEBE-40C1-95F0-79EF6E2DA27F}.Debug|Any CPU.Build.0 = Debug|Any CPU
		{2F4D63C8-FEBE-40C1-95F0-79EF6E2DA27F}.Release|Any CPU.ActiveCfg = Release|Any CPU
		{2F4D63C8-FEBE-40C1-95F0-79EF6E2DA27F}.Release|Any CPU.Build.0 = Release|Any CPU
		{02D4E404-84D9-4088-A781-5299051325E2}.Debug|Any CPU.ActiveCfg = Debug|Any CPU
		{02D4E404-84D9-4088-A781-5299051325E2}.Debug|Any CPU.Build.0 = Debug|Any CPU
		{02D4E404-84D9-4088-A781-5299051325E2}.Release|Any CPU.ActiveCfg = Release|Any CPU
		{02D4E404-84D9-4088-A781-5299051325E2}.Release|Any CPU.Build.0 = Release|Any CPU
		{56C9E2F8-7EFC-4585-9D01-ACB69F7DB546}.Debug|Any CPU.ActiveCfg = Debug|Any CPU
		{56C9E2F8-7EFC-4585-9D01-ACB69F7DB546}.Debug|Any CPU.Build.0 = Debug|Any CPU
		{56C9E2F8-7EFC-4585-9D01-ACB69F7DB546}.Release|Any CPU.ActiveCfg = Release|Any CPU
		{56C9E2F8-7EFC-4585-9D01-ACB69F7DB546}.Release|Any CPU.Build.0 = Release|Any CPU
		{72CBE2F3-EE6B-4B3F-B9D2-EF5CAFAC82FF}.Debug|Any CPU.ActiveCfg = Debug|Any CPU
		{72CBE2F3-EE6B-4B3F-B9D2-EF5CAFAC82FF}.Debug|Any CPU.Build.0 = Debug|Any CPU
		{72CBE2F3-EE6B-4B3F-B9D2-EF5CAFAC82FF}.Release|Any CPU.ActiveCfg = Release|Any CPU
		{72CBE2F3-EE6B-4B3F-B9D2-EF5CAFAC82FF}.Release|Any CPU.Build.0 = Release|Any CPU
	EndGlobalSection
	GlobalSection(NestedProjects) = preSolution
		{FFBAB004-BDEA-471B-93C2-417FA06A47A7} = {F7ECA80D-EB24-4E0D-B66A-795A5BCA0E04}
		{EB0B52FB-D2B9-435F-877B-35CB78799BB1} = {FFBAB004-BDEA-471B-93C2-417FA06A47A7}
		{F9E381D5-9BDD-4925-A19B-C5582F069E0A} = {FFBAB004-BDEA-471B-93C2-417FA06A47A7}
		{91E15190-0F29-419B-B0A9-44977CB6C64B} = {FFBAB004-BDEA-471B-93C2-417FA06A47A7}
		{6D33A846-ECD2-4FE8-BA26-55A3E7CA8A3D} = {F7ECA80D-EB24-4E0D-B66A-795A5BCA0E04}
		{27A9E5D7-3A38-4C24-9750-555D4AAB7334} = {6D33A846-ECD2-4FE8-BA26-55A3E7CA8A3D}
		{8D71F079-D77D-485E-81C3-9B99BA623EC3} = {6D33A846-ECD2-4FE8-BA26-55A3E7CA8A3D}
		{3DA39AB6-F4AF-4D1F-8A3D-55601B320099} = {F7ECA80D-EB24-4E0D-B66A-795A5BCA0E04}
		{610B8BC9-2273-444C-AF85-EE4E3D87F38F} = {3DA39AB6-F4AF-4D1F-8A3D-55601B320099}
		{7F10781A-4FD5-4289-997B-5DE94B15C5D9} = {8470726E-49D0-4A98-AD05-B2A47D42BD39}
		{EC6591E3-4E49-4C62-B622-1A297CB24AC3} = {8470726E-49D0-4A98-AD05-B2A47D42BD39}
		{4FF38592-2F50-4FCA-981C-62E0149F0ADD} = {EC6591E3-4E49-4C62-B622-1A297CB24AC3}
		{4A830886-7A38-4788-A527-E79A690ACB38} = {EC6591E3-4E49-4C62-B622-1A297CB24AC3}
		{434971D8-25CE-4916-8019-BA051F521AD5} = {8470726E-49D0-4A98-AD05-B2A47D42BD39}
		{2F4D63C8-FEBE-40C1-95F0-79EF6E2DA27F} = {434971D8-25CE-4916-8019-BA051F521AD5}
		{02D4E404-84D9-4088-A781-5299051325E2} = {434971D8-25CE-4916-8019-BA051F521AD5}
		{56C9E2F8-7EFC-4585-9D01-ACB69F7DB546} = {434971D8-25CE-4916-8019-BA051F521AD5}
		{72CBE2F3-EE6B-4B3F-B9D2-EF5CAFAC82FF} = {7F10781A-4FD5-4289-997B-5DE94B15C5D9}
	EndGlobalSection
EndGlobal
